{"is_source_file": false, "format": "", "description": "", "external_files": [], "external_methods": [], "published": [], "classes": [], "methods": [], "calls": [], "search-terms": [], "state": 2, "file_id": 26, "knowledge_revision": 79, "git_revision": "0bc259750c63c51bd1033f855f7798bc74322941", "hash": "e9b4c3b42cef0193b7fddb548d37e652", "format-version": 4, "code-base-name": "default", "filename": "neuroverse_immersive_realities/post_process_status.lock", "revision_history": [{"79": "0bc259750c63c51bd1033f855f7798bc74322941"}]}